
Microsoft Visual Studio Solution File, Format Version 12.00
# Visual Studio 15
VisualStudioVersion = 15.0.27703.2026
MinimumVisualStudioVersion = 10.0.40219.1
Project("{8BC9CEB8-8B4A-11D0-8D11-00A0C91BC942}") = "GLTest", "GLTest.vcxproj", "{E10AD747-305E-441A-B18F-002390FDD336}"
EndProject
Global
	GlobalSection(SolutionConfigurationPlatforms) = preSolution
		Debug|x64 = Debug|x64
		Release|x64 = Release|x64
	EndGlobalSection
	GlobalSection(ProjectConfigurationPlatforms) = postSolution
		{E10AD747-305E-441A-B18F-002390FDD336}.Debug|x64.ActiveCfg = Debug|x64
		{E10AD747-305E-441A-B18F-002390FDD336}.Debug|x64.Build.0 = Debug|x64
		{E10AD747-305E-441A-B18F-002390FDD336}.Release|x64.ActiveCfg = Release|x64
		{E10AD747-305E-441A-B18F-002390FDD336}.Release|x64.Build.0 = Release|x64
	EndGlobalSection
	GlobalSection(SolutionProperties) = preSolution
		HideSolutionNode = FALSE
	EndGlobalSection
	GlobalSection(ExtensibilityGlobals) = postSolution
		SolutionGuid = {E8BAC302-479A-4A89-9804-6B3BF96F519A}
	EndGlobalSection
EndGlobal
